{
  "version": 4,
  "terraform_version": "1.13.3",
  "serial": 8,
  "lineage": "1fd8e4d9-9509-5f43-3600-26a0db9804df",
  "outputs": {
    "api_health_check": {
      "value": "http://localhost:3000/health",
      "type": "string"
    },
    "api_url": {
      "value": "http://localhost:3000",
      "type": "string"
    },
    "application_status": {
      "value": {
        "api_endpoint": "http://localhost:3000",
        "database_port": 5432
      },
      "type": [
        "object",
        {
          "api_endpoint": "string",
          "database_port": "number"
        }
      ]
    },
    "database_connection_string": {
      "value": "postgresql://admin:senha123@localhost:5432/devops_teste",
      "type": "string",
      "sensitive": true
    },
    "network_id": {
      "value": "155211fd9d976fa7eed416f2aa8d1b55591fbf9baef5e4c0063db8f0f0a194b5",
      "type": "string"
    },
    "network_name": {
      "value": "app-network",
      "type": "string"
    },
    "postgres_container_info": {
      "value": {
        "id": "e170955a96bb5b34d70e9ddabfa65d11308b0d9d5845b2a246b0014fe4a5731f",
        "image": "postgres:13",
        "ip_address": "172.18.0.2",
        "name": "postgres-db",
        "port": "5432:5432"
      },
      "type": [
        "object",
        {
          "id": "string",
          "image": "string",
          "ip_address": "string",
          "name": "string",
          "port": "string"
        }
      ]
    },
    "volume_info": {
      "value": {
        "mountpoint": "/var/lib/docker/volumes/postgres-data/_data",
        "name": "postgres-data"
      },
      "type": [
        "object",
        {
          "mountpoint": "string",
          "name": "string"
        }
      ]
    }
  },
  "resources": [
    {
      "mode": "managed",
      "type": "docker_container",
      "name": "postgres",
      "provider": "provider[\"registry.terraform.io/kreuzwerker/docker\"]",
      "instances": [
        {
          "schema_version": 2,
          "attributes": {
            "attach": false,
            "bridge": "",
            "capabilities": [],
            "cgroup_parent": null,
            "cgroupns_mode": null,
            "command": [
              "postgres"
            ],
            "container_logs": null,
            "container_read_refresh_timeout_milliseconds": 15000,
            "cpu_period": null,
            "cpu_quota": null,
            "cpu_set": "",
            "cpu_shares": 0,
            "cpus": null,
            "destroy_grace_seconds": null,
            "devices": [],
            "dns": null,
            "dns_opts": null,
            "dns_search": null,
            "domainname": "",
            "entrypoint": [
              "docker-entrypoint.sh"
            ],
            "env": [
              "POSTGRES_DB=devops_teste",
              "POSTGRES_PASSWORD=senha123",
              "POSTGRES_USER=admin"
            ],
            "exit_code": null,
            "gpus": null,
            "group_add": null,
            "healthcheck": null,
            "host": [],
            "hostname": "e170955a96bb",
            "id": "e170955a96bb5b34d70e9ddabfa65d11308b0d9d5845b2a246b0014fe4a5731f",
            "image": "postgres:13",
            "init": false,
            "ipc_mode": "private",
            "labels": [],
            "log_driver": "json-file",
            "log_opts": null,
            "logs": false,
            "max_retry_count": 0,
            "memory": 0,
            "memory_swap": 0,
            "mounts": [],
            "must_run": true,
            "name": "postgres-db",
            "network_data": [
              {
                "gateway": "172.18.0.1",
                "global_ipv6_address": "",
                "global_ipv6_prefix_length": 0,
                "ip_address": "172.18.0.2",
                "ip_prefix_length": 16,
                "ipv6_gateway": "",
                "mac_address": "22:e8:d7:38:79:f1",
                "network_name": "app-network"
              }
            ],
            "network_mode": "bridge",
            "networks_advanced": [
              {
                "aliases": [],
                "ipv4_address": "",
                "ipv6_address": "",
                "name": "app-network"
              }
            ],
            "pid_mode": "",
            "ports": [
              {
                "external": 5432,
                "internal": 5432,
                "ip": "0.0.0.0",
                "protocol": "tcp"
              }
            ],
            "privileged": false,
            "publish_all_ports": false,
            "read_only": false,
            "remove_volumes": true,
            "restart": "unless-stopped",
            "rm": false,
            "runtime": "runc",
            "security_opts": [],
            "shm_size": 64,
            "start": true,
            "stdin_open": false,
            "stop_signal": "SIGINT",
            "stop_timeout": 0,
            "storage_opts": null,
            "sysctls": null,
            "tmpfs": null,
            "tty": false,
            "ulimit": [],
            "upload": [],
            "user": "",
            "userns_mode": "",
            "volumes": [
              {
                "container_path": "/var/lib/postgresql/data",
                "from_container": "",
                "host_path": "",
                "read_only": null,
                "volume_name": "postgres-data"
              }
            ],
            "wait": false,
            "wait_timeout": 60,
            "working_dir": ""
          },
          "sensitive_attributes": [
            [
              {
                "type": "get_attr",
                "value": "env"
              }
            ]
          ],
          "identity_schema_version": 0,
          "private": "eyJzY2hlbWFfdmVyc2lvbiI6IjIifQ==",
          "dependencies": [
            "docker_network.app_network",
            "docker_volume.db_data"
          ]
        }
      ]
    },
    {
      "mode": "managed",
      "type": "docker_network",
      "name": "app_network",
      "provider": "provider[\"registry.terraform.io/kreuzwerker/docker\"]",
      "instances": [
        {
          "schema_version": 1,
          "attributes": {
            "attachable": false,
            "check_duplicate": null,
            "driver": "bridge",
            "id": "155211fd9d976fa7eed416f2aa8d1b55591fbf9baef5e4c0063db8f0f0a194b5",
            "ingress": false,
            "internal": false,
            "ipam_config": [
              {
                "aux_address": {},
                "gateway": "172.18.0.1",
                "ip_range": "",
                "subnet": "172.18.0.0/16"
              }
            ],
            "ipam_driver": "default",
            "ipam_options": {},
            "ipv6": false,
            "labels": [],
            "name": "app-network",
            "options": {
              "com.docker.network.enable_ipv4": "true",
              "com.docker.network.enable_ipv6": "false"
            },
            "scope": "local"
          },
          "sensitive_attributes": [],
          "identity_schema_version": 0,
          "private": "eyJzY2hlbWFfdmVyc2lvbiI6IjEifQ=="
        }
      ]
    },
    {
      "mode": "managed",
      "type": "docker_volume",
      "name": "db_data",
      "provider": "provider[\"registry.terraform.io/kreuzwerker/docker\"]",
      "instances": [
        {
          "schema_version": 1,
          "attributes": {
            "driver": "local",
            "driver_opts": null,
            "id": "postgres-data",
            "labels": [],
            "mountpoint": "/var/lib/docker/volumes/postgres-data/_data",
            "name": "postgres-data"
          },
          "sensitive_attributes": [],
          "identity_schema_version": 0,
          "private": "eyJzY2hlbWFfdmVyc2lvbiI6IjEifQ=="
        }
      ]
    }
  ],
  "check_results": null
}
